
Microsoft Visual Studio Solution File, Format Version 12.00
# Visual Studio 15
VisualStudioVersion = 15.0.27130.2036
MinimumVisualStudioVersion = 10.0.40219.1
Project("{FAE04EC0-301F-11D3-BF4B-00C04F79EFBC}") = "MicrowaveOvenClasses", "MicrowaveOvenClasses\MicrowaveOvenClasses.csproj", "{2B04DA6B-AFE9-4548-AA05-84D806BA0FA4}"
EndProject
Project("{FAE04EC0-301F-11D3-BF4B-00C04F79EFBC}") = "Microwave.Test.Unit", "Microwave.Test.Unit\Microwave.Test.Unit.csproj", "{2B2735BA-EF0A-42C4-8457-25786ACF90D9}"
EndProject
Project("{FAE04EC0-301F-11D3-BF4B-00C04F79EFBC}") = "Microwave.Application", "Microwave.Application\Microwave.Application.csproj", "{403619F7-9DFE-4C73-BEEF-C1C405CEC63D}"
EndProject
Global
	GlobalSection(SolutionConfigurationPlatforms) = preSolution
		Debug|Any CPU = Debug|Any CPU
		Release|Any CPU = Release|Any CPU
	EndGlobalSection
	GlobalSection(ProjectConfigurationPlatforms) = postSolution
		{2B04DA6B-AFE9-4548-AA05-84D806BA0FA4}.Debug|Any CPU.ActiveCfg = Debug|Any CPU
		{2B04DA6B-AFE9-4548-AA05-84D806BA0FA4}.Debug|Any CPU.Build.0 = Debug|Any CPU
		{2B04DA6B-AFE9-4548-AA05-84D806BA0FA4}.Release|Any CPU.ActiveCfg = Release|Any CPU
		{2B04DA6B-AFE9-4548-AA05-84D806BA0FA4}.Release|Any CPU.Build.0 = Release|Any CPU
		{2B2735BA-EF0A-42C4-8457-25786ACF90D9}.Debug|Any CPU.ActiveCfg = Debug|Any CPU
		{2B2735BA-EF0A-42C4-8457-25786ACF90D9}.Debug|Any CPU.Build.0 = Debug|Any CPU
		{2B2735BA-EF0A-42C4-8457-25786ACF90D9}.Release|Any CPU.ActiveCfg = Release|Any CPU
		{2B2735BA-EF0A-42C4-8457-25786ACF90D9}.Release|Any CPU.Build.0 = Release|Any CPU
		{403619F7-9DFE-4C73-BEEF-C1C405CEC63D}.Debug|Any CPU.ActiveCfg = Debug|Any CPU
		{403619F7-9DFE-4C73-BEEF-C1C405CEC63D}.Debug|Any CPU.Build.0 = Debug|Any CPU
		{403619F7-9DFE-4C73-BEEF-C1C405CEC63D}.Release|Any CPU.ActiveCfg = Release|Any CPU
		{403619F7-9DFE-4C73-BEEF-C1C405CEC63D}.Release|Any CPU.Build.0 = Release|Any CPU
	EndGlobalSection
	GlobalSection(SolutionProperties) = preSolution
		HideSolutionNode = FALSE
	EndGlobalSection
	GlobalSection(ExtensibilityGlobals) = postSolution
		SolutionGuid = {5EE34A8E-14B1-4442-A68F-ADB18E248788}
	EndGlobalSection
EndGlobal
